PODS:
  - Kiwi (2.3.1)
  - TransitionKit (2.2.3)

DEPENDENCIES:
  - Kiwi (~> 2.3.0)
  - TransitionKit (from `.`)

EXTERNAL SOURCES:
  TransitionKit:
    :path: "."

SPEC CHECKSUMS:
  Kiwi: f038a6c61f7a9e4d7766bff5717aa3b3fdb75f55
  TransitionKit: 3704132ea748f0ce588b5af6e6d907ceb937762b

PODFILE CHECKSUM: 54308503ad62dc352d756aca1890e7255bc0f43a

COCOAPODS: 1.2.1
